// !$*UTF8*$!
{
	archiveVersion = 1;
	classes = {
	};
	objectVersion = 77;
	objects = {

/* Begin PBXBuildFile section */
		9A7C0F013025DC91003E13F5 /* AppDelegate.swift in Sources */ = {isa = PBXBuildFile; fileRef = 9A7C0F003025DC91003E13F5 /* AppDelegate.swift */; };
		9A7C0F053025DC91003E13F5 /* Main.html in Resources */ = {isa = PBXBuildFile; fileRef = 9A7C0F033025DC91003E13F5 /* Main.html */; };
		9A7C0F073025DC91003E13F5 /* Icon.png in Resources */ = {isa = PBXBuildFile; fileRef = 9A7C0F063025DC91003E13F5 /* Icon.png */; };
		9A7C0F093025DC91003E13F5 /* Style.css in Resources */ = {isa = PBXBuildFile; fileRef = 9A7C0F083025DC91003E13F5 /* Style.css */; };
		9A7C0F0B3025DC91003E13F5 /* Script.js in Resources */ = {isa = PBXBuildFile; fileRef = 9A7C0F0A3025DC91003E13F5 /* Script.js */; };
		9A7C0F0D3025DC91003E13F5 /* ViewController.swift in Sources */ = {isa = PBXBuildFile; fileRef = 9A7C0F0C3025DC91003E13F5 /* ViewController.swift */; };
		9A7C0F103025DC91003E13F5 /* Main.storyboard in Resources */ = {isa = PBXBuildFile; fileRef = 9A7C0F0E3025DC91003E13F5 /* Main.storyboard */; };
		9A7C0F123025DC92003E13F5 /* Assets.xcassets in Resources */ = {isa = PBXBuildFile; fileRef = 9A7C0F113025DC92003E13F5 /* Assets.xcassets */; };
		9A7C0F1E3025DC92003E13F5 /* SafariWebExtensionHandler.swift in Sources */ = {isa = PBXBuildFile; fileRef = 9A7C0F1D3025DC92003E13F5 /* SafariWebExtensionHandler.swift */; };
		9A7C0F303025DC92003E13F5 /* LICENSE in Resources */ = {isa = PBXBuildFile; fileRef = 9A7C0F2A3025DC92003E13F5 /* LICENSE */; };
		9A7C0F313025DC92003E13F5 /* THIRD_PARTY_NOTICES.md in Resources */ = {isa = PBXBuildFile; fileRef = 9A7C0F2B3025DC92003E13F5 /* THIRD_PARTY_NOTICES.md */; };
		9A7C0F333025DC92003E13F5 /* icons in Resources */ = {isa = PBXBuildFile; fileRef = 9A7C0F2D3025DC92003E13F5 /* icons */; };
		9A7C0F343025DC92003E13F5 /* manifest.json in Resources */ = {isa = PBXBuildFile; fileRef = 9A7C0F2E3025DC92003E13F5 /* manifest.json */; };
		9A7C0F353025DC92003E13F5 /* src in Resources */ = {isa = PBXBuildFile; fileRef = 9A7C0F2F3025DC92003E13F5 /* src */; };
		9ADCF8FD3025DD5500BF86B4 /* Claude Counter Extension.appex in Embed Foundation Extensions */ = {isa = PBXBuildFile; fileRef = 9A7C0F183025DC92003E13F5 /* Claude Counter Extension.appex */; settings = {ATTRIBUTES = (CodeSignOnCopy, RemoveHeadersOnCopy, ); }; };
/* End PBXBuildFile section */

/* Begin PBXContainerItemProxy section */
		9ADCF8FB3025DD5000BF86B4 /* PBXContainerItemProxy */ = {
			isa = PBXContainerItemProxy;
			containerPortal = 9A7C0EF53025DC91003E13F5 /* Project object */;
			proxyType = 1;
			remoteGlobalIDString = 9A7C0F173025DC92003E13F5;
			remoteInfo = "Claude Counter Extension";
		};
		9ADCF8FE3025DD5500BF86B4 /* PBXContainerItemProxy */ = {
			isa = PBXContainerItemProxy;
			containerPortal = 9A7C0EF53025DC91003E13F5 /* Project object */;
			proxyType = 1;
			remoteGlobalIDString = 9A7C0F173025DC92003E13F5;
			remoteInfo = "Claude Counter Extension";
		};
		9ADCF9013025DD5B00BF86B4 /* PBXContainerItemProxy */ = {
			isa = PBXContainerItemProxy;
			containerPortal = 9A7C0EF53025DC91003E13F5 /* Project object */;
			proxyType = 1;
			remoteGlobalIDString = 9A7C0F173025DC92003E13F5;
			remoteInfo = "Claude Counter Extension";
		};
/* End PBXContainerItemProxy section */

/* Begin PBXCopyFilesBuildPhase section */
		9ADCF9003025DD5500BF86B4 /* Embed Foundation Extensions */ = {
			isa = PBXCopyFilesBuildPhase;
			buildActionMask = 2147483647;
			dstPath = "";
			dstSubfolderSpec = 13;
			files = (
				9ADCF8FD3025DD5500BF86B4 /* Claude Counter Extension.appex in Embed Foundation Extensions */,
			);
			name = "Embed Foundation Extensions";
			runOnlyForDeploymentPostprocessing = 0;
		};
/* End PBXCopyFilesBuildPhase section */

/* Begin PBXFileReference section */
		9A7C0EFD3025DC91003E13F5 /* Claude Counter.app */ = {isa = PBXFileReference; explicitFileType = wrapper.application; includeInIndex = 0; path = "Claude Counter.app"; sourceTree = BUILT_PRODUCTS_DIR; };
		9A7C0F003025DC91003E13F5 /* AppDelegate.swift */ = {isa = PBXFileReference; lastKnownFileType = sourcecode.swift; path = AppDelegate.swift; sourceTree = "<group>"; };
		9A7C0F043025DC91003E13F5 /* Base */ = {isa = PBXFileReference; lastKnownFileType = text.html; name = Base; path = Base.lproj/Main.html; sourceTree = "<group>"; };
		9A7C0F063025DC91003E13F5 /* Icon.png */ = {isa = PBXFileReference; lastKnownFileType = image.png; path = Icon.png; sourceTree = "<group>"; };
		9A7C0F083025DC91003E13F5 /* Style.css */ = {isa = PBXFileReference; lastKnownFileType = text.css; path = Style.css; sourceTree = "<group>"; };
		9A7C0F0A3025DC91003E13F5 /* Script.js */ = {isa = PBXFileReference; lastKnownFileType = sourcecode.javascript; path = Script.js; sourceTree = "<group>"; };
		9A7C0F0C3025DC91003E13F5 /* ViewController.swift */ = {isa = PBXFileReference; lastKnownFileType = sourcecode.swift; path = ViewController.swift; sourceTree = "<group>"; };
		9A7C0F0F3025DC91003E13F5 /* Base */ = {isa = PBXFileReference; lastKnownFileType = file.storyboard; name = Base; path = Base.lproj/Main.storyboard; sourceTree = "<group>"; };
		9A7C0F113025DC92003E13F5 /* Assets.xcassets */ = {isa = PBXFileReference; lastKnownFileType = folder.assetcatalog; path = Assets.xcassets; sourceTree = "<group>"; };
		9A7C0F133025DC92003E13F5 /* Info.plist */ = {isa = PBXFileReference; lastKnownFileType = text.plist.xml; path = Info.plist; sourceTree = "<group>"; };
		9A7C0F183025DC92003E13F5 /* Claude Counter Extension.appex */ = {isa = PBXFileReference; explicitFileType = "wrapper.app-extension"; includeInIndex = 0; path = "Claude Counter Extension.appex"; sourceTree = BUILT_PRODUCTS_DIR; };
		9A7C0F1D3025DC92003E13F5 /* SafariWebExtensionHandler.swift */ = {isa = PBXFileReference; lastKnownFileType = sourcecode.swift; path = SafariWebExtensionHandler.swift; sourceTree = "<group>"; };
		9A7C0F1F3025DC92003E13F5 /* Info.plist */ = {isa = PBXFileReference; lastKnownFileType = text.plist.xml; path = Info.plist; sourceTree = "<group>"; };
		9A7C0F2A3025DC92003E13F5 /* LICENSE */ = {isa = PBXFileReference; lastKnownFileType = text; name = LICENSE; path = ../LICENSE; sourceTree = "<group>"; };
		9A7C0F2B3025DC92003E13F5 /* THIRD_PARTY_NOTICES.md */ = {isa = PBXFileReference; lastKnownFileType = net.daringfireball.markdown; name = THIRD_PARTY_NOTICES.md; path = ../THIRD_PARTY_NOTICES.md; sourceTree = "<group>"; };
		9A7C0F2D3025DC92003E13F5 /* icons */ = {isa = PBXFileReference; lastKnownFileType = folder; name = icons; path = Resources/icons; sourceTree = "<group>"; };
		9A7C0F2E3025DC92003E13F5 /* manifest.json */ = {isa = PBXFileReference; lastKnownFileType = text.json; name = manifest.json; path = Resources/manifest.json; sourceTree = "<group>"; };
		9A7C0F2F3025DC92003E13F5 /* src */ = {isa = PBXFileReference; lastKnownFileType = folder; name = src; path = Resources/src; sourceTree = "<group>"; };
/* End PBXFileReference section */

/* Begin PBXFrameworksBuildPhase section */
		9A7C0EFA3025DC91003E13F5 /* Frameworks */ = {
			isa = PBXFrameworksBuildPhase;
			buildActionMask = 2147483647;
			files = (
			);
			runOnlyForDeploymentPostprocessing = 0;
		};
		9A7C0F153025DC92003E13F5 /* Frameworks */ = {
			isa = PBXFrameworksBuildPhase;
			buildActionMask = 2147483647;
			files = (
			);
			runOnlyForDeploymentPostprocessing = 0;
		};
/* End PBXFrameworksBuildPhase section */

/* Begin PBXGroup section */
		9A7C0EF43025DC91003E13F5 = {
			isa = PBXGroup;
			children = (
				9A7C0EFF3025DC91003E13F5 /* Claude Counter */,
				9A7C0F1C3025DC92003E13F5 /* Claude Counter Extension */,
				9ADCF8FA3025DD5000BF86B4 /* Frameworks */,
				9A7C0EFE3025DC91003E13F5 /* Products */,
			);
			sourceTree = "<group>";
		};
		9A7C0EFE3025DC91003E13F5 /* Products */ = {
			isa = PBXGroup;
			children = (
				9A7C0EFD3025DC91003E13F5 /* Claude Counter.app */,
				9A7C0F183025DC92003E13F5 /* Claude Counter Extension.appex */,
			);
			name = Products;
			sourceTree = "<group>";
		};
		9A7C0EFF3025DC91003E13F5 /* Claude Counter */ = {
			isa = PBXGroup;
			children = (
				9A7C0F003025DC91003E13F5 /* AppDelegate.swift */,
				9A7C0F0C3025DC91003E13F5 /* ViewController.swift */,
				9A7C0F0E3025DC91003E13F5 /* Main.storyboard */,
				9A7C0F113025DC92003E13F5 /* Assets.xcassets */,
				9A7C0F133025DC92003E13F5 /* Info.plist */,
				9A7C0F023025DC91003E13F5 /* Resources */,
			);
			path = "Claude Counter";
			sourceTree = "<group>";
		};
		9A7C0F023025DC91003E13F5 /* Resources */ = {
			isa = PBXGroup;
			children = (
				9A7C0F033025DC91003E13F5 /* Main.html */,
				9A7C0F063025DC91003E13F5 /* Icon.png */,
				9A7C0F083025DC91003E13F5 /* Style.css */,
				9A7C0F0A3025DC91003E13F5 /* Script.js */,
			);
			path = Resources;
			sourceTree = "<group>";
		};
		9A7C0F1C3025DC92003E13F5 /* Claude Counter Extension */ = {
			isa = PBXGroup;
			children = (
				9A7C0F293025DC92003E13F5 /* Resources */,
				9A7C0F1D3025DC92003E13F5 /* SafariWebExtensionHandler.swift */,
				9A7C0F1F3025DC92003E13F5 /* Info.plist */,
			);
			path = "Claude Counter Extension";
			sourceTree = "<group>";
		};
		9A7C0F293025DC92003E13F5 /* Resources */ = {
			isa = PBXGroup;
			children = (
				9A7C0F2A3025DC92003E13F5 /* LICENSE */,
				9A7C0F2B3025DC92003E13F5 /* THIRD_PARTY_NOTICES.md */,
				9A7C0F2D3025DC92003E13F5 /* icons */,
				9A7C0F2E3025DC92003E13F5 /* manifest.json */,
				9A7C0F2F3025DC92003E13F5 /* src */,
			);
			name = Resources;
			path = "Claude Counter Extension";
			sourceTree = SOURCE_ROOT;
		};
		9ADCF8FA3025DD5000BF86B4 /* Frameworks */ = {
			isa = PBXGroup;
			children = (
			);
			name = Frameworks;
			sourceTree = "<group>";
		};
/* End PBXGroup section */

/* Begin PBXNativeTarget section */
		9A7C0EFC3025DC91003E13F5 /* Claude Counter */ = {
			isa = PBXNativeTarget;
			buildConfigurationList = 9A7C0F263025DC92003E13F5 /* Build configuration list for PBXNativeTarget "Claude Counter" */;
			buildPhases = (
				9A7C0EF93025DC91003E13F5 /* Sources */,
				9A7C0EFA3025DC91003E13F5 /* Frameworks */,
				9A7C0EFB3025DC91003E13F5 /* Resources */,
				9ADCF9003025DD5500BF86B4 /* Embed Foundation Extensions */,
			);
			buildRules = (
			);
			dependencies = (
				9ADCF8FC3025DD5000BF86B4 /* PBXTargetDependency */,
				9ADCF8FF3025DD5500BF86B4 /* PBXTargetDependency */,
				9ADCF9023025DD5B00BF86B4 /* PBXTargetDependency */,
			);
			name = "Claude Counter";
			packageProductDependencies = (
			);
			productName = "Claude Counter";
			productReference = 9A7C0EFD3025DC91003E13F5 /* Claude Counter.app */;
			productType = "com.apple.product-type.application";
		};
		9A7C0F173025DC92003E13F5 /* Claude Counter Extension */ = {
			isa = PBXNativeTarget;
			buildConfigurationList = 9A7C0F223025DC92003E13F5 /* Build configuration list for PBXNativeTarget "Claude Counter Extension" */;
			buildPhases = (
				9A7C0F143025DC92003E13F5 /* Sources */,
				9A7C0F153025DC92003E13F5 /* Frameworks */,
				9A7C0F163025DC92003E13F5 /* Resources */,
			);
			buildRules = (
			);
			dependencies = (
			);
			name = "Claude Counter Extension";
			packageProductDependencies = (
			);
			productName = "Claude Counter Extension";
			productReference = 9A7C0F183025DC92003E13F5 /* Claude Counter Extension.appex */;
			productType = "com.apple.product-type.app-extension";
		};
/* End PBXNativeTarget section */

/* Begin PBXProject section */
		9A7C0EF53025DC91003E13F5 /* Project object */ = {
			isa = PBXProject;
			attributes = {
				BuildIndependentTargetsInParallel = 1;
				LastSwiftUpdateCheck = 2660;
				LastUpgradeCheck = 2660;
				TargetAttributes = {
					9A7C0EFC3025DC91003E13F5 = {
						CreatedOnToolsVersion = 26.6;
					};
					9A7C0F173025DC92003E13F5 = {
						CreatedOnToolsVersion = 26.6;
					};
				};
			};
			buildConfigurationList = 9A7C0EF83025DC91003E13F5 /* Build configuration list for PBXProject "Claude Counter" */;
			developmentRegion = en;
			hasScannedForEncodings = 0;
			knownRegions = (
				en,
				Base,
			);
			mainGroup = 9A7C0EF43025DC91003E13F5;
			minimizedProjectReferenceProxies = 1;
			preferredProjectObjectVersion = 77;
			productRefGroup = 9A7C0EFE3025DC91003E13F5 /* Products */;
			projectDirPath = "";
			projectRoot = "";
			targets = (
				9A7C0EFC3025DC91003E13F5 /* Claude Counter */,
				9A7C0F173025DC92003E13F5 /* Claude Counter Extension */,
			);
		};
/* End PBXProject section */

/* Begin PBXResourcesBuildPhase section */
		9A7C0EFB3025DC91003E13F5 /* Resources */ = {
			isa = PBXResourcesBuildPhase;
			buildActionMask = 2147483647;
			files = (
				9A7C0F073025DC91003E13F5 /* Icon.png in Resources */,
				9A7C0F103025DC91003E13F5 /* Main.storyboard in Resources */,
				9A7C0F0B3025DC91003E13F5 /* Script.js in Resources */,
				9A7C0F053025DC91003E13F5 /* Main.html in Resources */,
				9A7C0F123025DC92003E13F5 /* Assets.xcassets in Resources */,
				9A7C0F093025DC91003E13F5 /* Style.css in Resources */,
			);
			runOnlyForDeploymentPostprocessing = 0;
		};
		9A7C0F163025DC92003E13F5 /* Resources */ = {
			isa = PBXResourcesBuildPhase;
			buildActionMask = 2147483647;
			files = (
				9A7C0F333025DC92003E13F5 /* icons in Resources */,
				9A7C0F343025DC92003E13F5 /* manifest.json in Resources */,
				9A7C0F353025DC92003E13F5 /* src in Resources */,
				9A7C0F303025DC92003E13F5 /* LICENSE in Resources */,
				9A7C0F313025DC92003E13F5 /* THIRD_PARTY_NOTICES.md in Resources */,
			);
			runOnlyForDeploymentPostprocessing = 0;
		};
/* End PBXResourcesBuildPhase section */

/* Begin PBXSourcesBuildPhase section */
		9A7C0EF93025DC91003E13F5 /* Sources */ = {
			isa = PBXSourcesBuildPhase;
			buildActionMask = 2147483647;
			files = (
				9A7C0F0D3025DC91003E13F5 /* ViewController.swift in Sources */,
				9A7C0F013025DC91003E13F5 /* AppDelegate.swift in Sources */,
			);
			runOnlyForDeploymentPostprocessing = 0;
		};
		9A7C0F143025DC92003E13F5 /* Sources */ = {
			isa = PBXSourcesBuildPhase;
			buildActionMask = 2147483647;
			files = (
				9A7C0F1E3025DC92003E13F5 /* SafariWebExtensionHandler.swift in Sources */,
			);
			runOnlyForDeploymentPostprocessing = 0;
		};
/* End PBXSourcesBuildPhase section */

/* Begin PBXTargetDependency section */
		9ADCF8FC3025DD5000BF86B4 /* PBXTargetDependency */ = {
			isa = PBXTargetDependency;
			target = 9A7C0F173025DC92003E13F5 /* Claude Counter Extension */;
			targetProxy = 9ADCF8FB3025DD5000BF86B4 /* PBXContainerItemProxy */;
		};
		9ADCF8FF3025DD5500BF86B4 /* PBXTargetDependency */ = {
			isa = PBXTargetDependency;
			target = 9A7C0F173025DC92003E13F5 /* Claude Counter Extension */;
			targetProxy = 9ADCF8FE3025DD5500BF86B4 /* PBXContainerItemProxy */;
		};
		9ADCF9023025DD5B00BF86B4 /* PBXTargetDependency */ = {
			isa = PBXTargetDependency;
			target = 9A7C0F173025DC92003E13F5 /* Claude Counter Extension */;
			targetProxy = 9ADCF9013025DD5B00BF86B4 /* PBXContainerItemProxy */;
		};
/* End PBXTargetDependency section */

/* Begin PBXVariantGroup section */
		9A7C0F033025DC91003E13F5 /* Main.html */ = {
			isa = PBXVariantGroup;
			children = (
				9A7C0F043025DC91003E13F5 /* Base */,
			);
			name = Main.html;
			sourceTree = "<group>";
		};
		9A7C0F0E3025DC91003E13F5 /* Main.storyboard */ = {
			isa = PBXVariantGroup;
			children = (
				9A7C0F0F3025DC91003E13F5 /* Base */,
			);
			name = Main.storyboard;
			sourceTree = "<group>";
		};
/* End PBXVariantGroup section */

/* Begin XCBuildConfiguration section */
		9A7C0F203025DC92003E13F5 /* Debug */ = {
			isa = XCBuildConfiguration;
			buildSettings = {
				ALWAYS_SEARCH_USER_PATHS = NO;
				ASSETCATALOG_COMPILER_GENERATE_SWIFT_ASSET_SYMBOL_EXTENSIONS = YES;
				CLANG_ANALYZER_NONNULL = YES;
				CLANG_ANALYZER_NUMBER_OBJECT_CONVERSION = YES_AGGRESSIVE;
				CLANG_CXX_LANGUAGE_STANDARD = "gnu++20";
				CLANG_ENABLE_MODULES = YES;
				CLANG_ENABLE_OBJC_ARC = YES;
				CLANG_ENABLE_OBJC_WEAK = YES;
				CLANG_WARN_BLOCK_CAPTURE_AUTORELEASING = YES;
				CLANG_WARN_BOOL_CONVERSION = YES;
				CLANG_WARN_COMMA = YES;
				CLANG_WARN_CONSTANT_CONVERSION = YES;
				CLANG_WARN_DEPRECATED_OBJC_IMPLEMENTATIONS = YES;
				CLANG_WARN_DIRECT_OBJC_ISA_USAGE = YES_ERROR;
				CLANG_WARN_DOCUMENTATION_COMMENTS = YES;
				CLANG_WARN_EMPTY_BODY = YES;
				CLANG_WARN_ENUM_CONVERSION = YES;
				CLANG_WARN_INFINITE_RECURSION = YES;
				CLANG_WARN_INT_CONVERSION = YES;
				CLANG_WARN_NON_LITERAL_NULL_CONVERSION = YES;
				CLANG_WARN_OBJC_IMPLICIT_RETAIN_SELF = YES;
				CLANG_WARN_OBJC_LITERAL_CONVERSION = YES;
				CLANG_WARN_OBJC_ROOT_CLASS = YES_ERROR;
				CLANG_WARN_QUOTED_INCLUDE_IN_FRAMEWORK_HEADER = YES;
				CLANG_WARN_RANGE_LOOP_ANALYSIS = YES;
				CLANG_WARN_STRICT_PROTOTYPES = YES;
				CLANG_WARN_SUSPICIOUS_MOVE = YES;
				CLANG_WARN_UNGUARDED_AVAILABILITY = YES_AGGRESSIVE;
				CLANG_WARN_UNREACHABLE_CODE = YES;
				CLANG_WARN__DUPLICATE_METHOD_MATCH = YES;
				COPY_PHASE_STRIP = NO;
				DEBUG_INFORMATION_FORMAT = dwarf;
				ENABLE_STRICT_OBJC_MSGSEND = YES;
				ENABLE_TESTABILITY = YES;
				ENABLE_USER_SCRIPT_SANDBOXING = YES;
				GCC_C_LANGUAGE_STANDARD = gnu17;
				GCC_DYNAMIC_NO_PIC = NO;
				GCC_NO_COMMON_BLOCKS = YES;
				GCC_OPTIMIZATION_LEVEL = 0;
				GCC_PREPROCESSOR_DEFINITIONS = (
					"DEBUG=1",
					"$(inherited)",
				);
				GCC_WARN_64_TO_32_BIT_CONVERSION = YES;
				GCC_WARN_ABOUT_RETURN_TYPE = YES_ERROR;
				GCC_WARN_UNDECLARED_SELECTOR = YES;
				GCC_WARN_UNINITIALIZED_AUTOS = YES_AGGRESSIVE;
				GCC_WARN_UNUSED_FUNCTION = YES;
				GCC_WARN_UNUSED_VARIABLE = YES;
				LOCALIZATION_PREFERS_STRING_CATALOGS = YES;
				MACOSX_DEPLOYMENT_TARGET = 13.0;
				MTL_ENABLE_DEBUG_INFO = INCLUDE_SOURCE;
				MTL_FAST_MATH = YES;
				ONLY_ACTIVE_ARCH = YES;
				SDKROOT = macosx;
				SWIFT_ACTIVE_COMPILATION_CONDITIONS = "DEBUG $(inherited)";
				SWIFT_OPTIMIZATION_LEVEL = "-Onone";
			};
			name = Debug;
		};
		9A7C0F213025DC92003E13F5 /* Release */ = {
			isa = XCBuildConfiguration;
			buildSettings = {
				ALWAYS_SEARCH_USER_PATHS = NO;
				ASSETCATALOG_COMPILER_GENERATE_SWIFT_ASSET_SYMBOL_EXTENSIONS = YES;
				CLANG_ANALYZER_NONNULL = YES;
				CLANG_ANALYZER_NUMBER_OBJECT_CONVERSION = YES_AGGRESSIVE;
				CLANG_CXX_LANGUAGE_STANDARD = "gnu++20";
				CLANG_ENABLE_MODULES = YES;
				CLANG_ENABLE_OBJC_ARC = YES;
				CLANG_ENABLE_OBJC_WEAK = YES;
				CLANG_WARN_BLOCK_CAPTURE_AUTORELEASING = YES;
				CLANG_WARN_BOOL_CONVERSION = YES;
				CLANG_WARN_COMMA = YES;
				CLANG_WARN_CONSTANT_CONVERSION = YES;
				CLANG_WARN_DEPRECATED_OBJC_IMPLEMENTATIONS = YES;
				CLANG_WARN_DIRECT_OBJC_ISA_USAGE = YES_ERROR;
				CLANG_WARN_DOCUMENTATION_COMMENTS = YES;
				CLANG_WARN_EMPTY_BODY = YES;
				CLANG_WARN_ENUM_CONVERSION = YES;
				CLANG_WARN_INFINITE_RECURSION = YES;
				CLANG_WARN_INT_CONVERSION = YES;
				CLANG_WARN_NON_LITERAL_NULL_CONVERSION = YES;
				CLANG_WARN_OBJC_IMPLICIT_RETAIN_SELF = YES;
				CLANG_WARN_OBJC_LITERAL_CONVERSION = YES;
				CLANG_WARN_OBJC_ROOT_CLASS = YES_ERROR;
				CLANG_WARN_QUOTED_INCLUDE_IN_FRAMEWORK_HEADER = YES;
				CLANG_WARN_RANGE_LOOP_ANALYSIS = YES;
				CLANG_WARN_STRICT_PROTOTYPES = YES;
				CLANG_WARN_SUSPICIOUS_MOVE = YES;
				CLANG_WARN_UNGUARDED_AVAILABILITY = YES_AGGRESSIVE;
				CLANG_WARN_UNREACHABLE_CODE = YES;
				CLANG_WARN__DUPLICATE_METHOD_MATCH = YES;
				COPY_PHASE_STRIP = NO;
				DEBUG_INFORMATION_FORMAT = "dwarf-with-dsym";
				ENABLE_NS_ASSERTIONS = NO;
				ENABLE_STRICT_OBJC_MSGSEND = YES;
				ENABLE_USER_SCRIPT_SANDBOXING = YES;
				GCC_C_LANGUAGE_STANDARD = gnu17;
				GCC_NO_COMMON_BLOCKS = YES;
				GCC_WARN_64_TO_32_BIT_CONVERSION = YES;
				GCC_WARN_ABOUT_RETURN_TYPE = YES_ERROR;
				GCC_WARN_UNDECLARED_SELECTOR = YES;
				GCC_WARN_UNINITIALIZED_AUTOS = YES_AGGRESSIVE;
				GCC_WARN_UNUSED_FUNCTION = YES;
				GCC_WARN_UNUSED_VARIABLE = YES;
				LOCALIZATION_PREFERS_STRING_CATALOGS = YES;
				MACOSX_DEPLOYMENT_TARGET = 13.0;
				MTL_ENABLE_DEBUG_INFO = NO;
				MTL_FAST_MATH = YES;
				SDKROOT = macosx;
				SWIFT_COMPILATION_MODE = wholemodule;
			};
			name = Release;
		};
		9A7C0F233025DC92003E13F5 /* Debug */ = {
			isa = XCBuildConfiguration;
			buildSettings = {
				"CODE_SIGN_IDENTITY[sdk=macosx*]" = "-";
				CODE_SIGN_STYLE = Automatic;
				CURRENT_PROJECT_VERSION = 1;
				ENABLE_APP_SANDBOX = YES;
				ENABLE_HARDENED_RUNTIME = YES;
				ENABLE_USER_SELECTED_FILES = readonly;
				GENERATE_INFOPLIST_FILE = YES;
				INFOPLIST_FILE = "Claude Counter Extension/Info.plist";
				INFOPLIST_KEY_CFBundleDisplayName = "Claude Counter Extension";
				INFOPLIST_KEY_NSHumanReadableCopyright = "";
				LD_RUNPATH_SEARCH_PATHS = (
					"$(inherited)",
					"@executable_path/../Frameworks",
					"@executable_path/../../../../Frameworks",
				);
				MACOSX_DEPLOYMENT_TARGET = 13.0;
				MARKETING_VERSION = 1.0;
				OTHER_LDFLAGS = (
					"-framework",
					SafariServices,
				);
				PRODUCT_BUNDLE_IDENTIFIER = com.monish.claudecounter.Extension;
				PRODUCT_NAME = "$(TARGET_NAME)";
				SKIP_INSTALL = YES;
				STRING_CATALOG_GENERATE_SYMBOLS = YES;
				SWIFT_APPROACHABLE_CONCURRENCY = YES;
				SWIFT_EMIT_LOC_STRINGS = YES;
				SWIFT_UPCOMING_FEATURE_MEMBER_IMPORT_VISIBILITY = YES;
				SWIFT_VERSION = 5.0;
			};
			name = Debug;
		};
		9A7C0F243025DC92003E13F5 /* Release */ = {
			isa = XCBuildConfiguration;
			buildSettings = {
				"CODE_SIGN_IDENTITY[sdk=macosx*]" = "-";
				CODE_SIGN_STYLE = Automatic;
				CURRENT_PROJECT_VERSION = 1;
				ENABLE_APP_SANDBOX = YES;
				ENABLE_HARDENED_RUNTIME = YES;
				ENABLE_USER_SELECTED_FILES = readonly;
				GENERATE_INFOPLIST_FILE = YES;
				INFOPLIST_FILE = "Claude Counter Extension/Info.plist";
				INFOPLIST_KEY_CFBundleDisplayName = "Claude Counter Extension";
				INFOPLIST_KEY_NSHumanReadableCopyright = "";
				LD_RUNPATH_SEARCH_PATHS = (
					"$(inherited)",
					"@executable_path/../Frameworks",
					"@executable_path/../../../../Frameworks",
				);
				MACOSX_DEPLOYMENT_TARGET = 13.0;
				MARKETING_VERSION = 1.0;
				OTHER_LDFLAGS = (
					"-framework",
					SafariServices,
				);
				PRODUCT_BUNDLE_IDENTIFIER = com.monish.claudecounter.Extension;
				PRODUCT_NAME = "$(TARGET_NAME)";
				SKIP_INSTALL = YES;
				STRING_CATALOG_GENERATE_SYMBOLS = YES;
				SWIFT_APPROACHABLE_CONCURRENCY = YES;
				SWIFT_EMIT_LOC_STRINGS = YES;
				SWIFT_UPCOMING_FEATURE_MEMBER_IMPORT_VISIBILITY = YES;
				SWIFT_VERSION = 5.0;
			};
			name = Release;
		};
		9A7C0F273025DC92003E13F5 /* Debug */ = {
			isa = XCBuildConfiguration;
			buildSettings = {
				ASSETCATALOG_COMPILER_APPICON_NAME = AppIcon;
				ASSETCATALOG_COMPILER_GLOBAL_ACCENT_COLOR_NAME = AccentColor;
				"CODE_SIGN_IDENTITY[sdk=macosx*]" = "-";
				CODE_SIGN_STYLE = Automatic;
				COMBINE_HIDPI_IMAGES = YES;
				CURRENT_PROJECT_VERSION = 1;
				DEVELOPMENT_TEAM = "";
				ENABLE_APP_SANDBOX = YES;
				ENABLE_HARDENED_RUNTIME = YES;
				ENABLE_OUTGOING_NETWORK_CONNECTIONS = YES;
				ENABLE_USER_SELECTED_FILES = readonly;
				GENERATE_INFOPLIST_FILE = YES;
				INFOPLIST_FILE = "Claude Counter/Info.plist";
				INFOPLIST_KEY_CFBundleDisplayName = "Claude Counter";
				INFOPLIST_KEY_NSHumanReadableCopyright = "";
				INFOPLIST_KEY_NSMainStoryboardFile = Main;
				INFOPLIST_KEY_NSPrincipalClass = NSApplication;
				LD_RUNPATH_SEARCH_PATHS = (
					"$(inherited)",
					"@executable_path/../Frameworks",
				);
				MARKETING_VERSION = 1.0;
				OTHER_LDFLAGS = (
					"-framework",
					SafariServices,
					"-framework",
					WebKit,
				);
				PRODUCT_BUNDLE_IDENTIFIER = com.monish.claudecounter;
				PRODUCT_NAME = "$(TARGET_NAME)";
				REGISTER_APP_GROUPS = YES;
				STRING_CATALOG_GENERATE_SYMBOLS = YES;
				SWIFT_APPROACHABLE_CONCURRENCY = YES;
				SWIFT_DEFAULT_ACTOR_ISOLATION = MainActor;
				SWIFT_EMIT_LOC_STRINGS = YES;
				SWIFT_UPCOMING_FEATURE_MEMBER_IMPORT_VISIBILITY = YES;
				SWIFT_VERSION = 5.0;
			};
			name = Debug;
		};
		9A7C0F283025DC92003E13F5 /* Release */ = {
			isa = XCBuildConfiguration;
			buildSettings = {
				ASSETCATALOG_COMPILER_APPICON_NAME = AppIcon;
				ASSETCATALOG_COMPILER_GLOBAL_ACCENT_COLOR_NAME = AccentColor;
				"CODE_SIGN_IDENTITY[sdk=macosx*]" = "-";
				CODE_SIGN_STYLE = Automatic;
				COMBINE_HIDPI_IMAGES = YES;
				CURRENT_PROJECT_VERSION = 1;
				DEVELOPMENT_TEAM = "";
				ENABLE_APP_SANDBOX = YES;
				ENABLE_HARDENED_RUNTIME = YES;
				ENABLE_OUTGOING_NETWORK_CONNECTIONS = YES;
				ENABLE_USER_SELECTED_FILES = readonly;
				GENERATE_INFOPLIST_FILE = YES;
				INFOPLIST_FILE = "Claude Counter/Info.plist";
				INFOPLIST_KEY_CFBundleDisplayName = "Claude Counter";
				INFOPLIST_KEY_NSHumanReadableCopyright = "";
				INFOPLIST_KEY_NSMainStoryboardFile = Main;
				INFOPLIST_KEY_NSPrincipalClass = NSApplication;
				LD_RUNPATH_SEARCH_PATHS = (
					"$(inherited)",
					"@executable_path/../Frameworks",
				);
				MARKETING_VERSION = 1.0;
				OTHER_LDFLAGS = (
					"-framework",
					SafariServices,
					"-framework",
					WebKit,
				);
				PRODUCT_BUNDLE_IDENTIFIER = com.monish.claudecounter;
				PRODUCT_NAME = "$(TARGET_NAME)";
				REGISTER_APP_GROUPS = YES;
				STRING_CATALOG_GENERATE_SYMBOLS = YES;
				SWIFT_APPROACHABLE_CONCURRENCY = YES;
				SWIFT_DEFAULT_ACTOR_ISOLATION = MainActor;
				SWIFT_EMIT_LOC_STRINGS = YES;
				SWIFT_UPCOMING_FEATURE_MEMBER_IMPORT_VISIBILITY = YES;
				SWIFT_VERSION = 5.0;
			};
			name = Release;
		};
/* End XCBuildConfiguration section */

/* Begin XCConfigurationList section */
		9A7C0EF83025DC91003E13F5 /* Build configuration list for PBXProject "Claude Counter" */ = {
			isa = XCConfigurationList;
			buildConfigurations = (
				9A7C0F203025DC92003E13F5 /* Debug */,
				9A7C0F213025DC92003E13F5 /* Release */,
			);
			defaultConfigurationIsVisible = 0;
			defaultConfigurationName = Release;
		};
		9A7C0F223025DC92003E13F5 /* Build configuration list for PBXNativeTarget "Claude Counter Extension" */ = {
			isa = XCConfigurationList;
			buildConfigurations = (
				9A7C0F233025DC92003E13F5 /* Debug */,
				9A7C0F243025DC92003E13F5 /* Release */,
			);
			defaultConfigurationIsVisible = 0;
			defaultConfigurationName = Release;
		};
		9A7C0F263025DC92003E13F5 /* Build configuration list for PBXNativeTarget "Claude Counter" */ = {
			isa = XCConfigurationList;
			buildConfigurations = (
				9A7C0F273025DC92003E13F5 /* Debug */,
				9A7C0F283025DC92003E13F5 /* Release */,
			);
			defaultConfigurationIsVisible = 0;
			defaultConfigurationName = Release;
		};
/* End XCConfigurationList section */
	};
	rootObject = 9A7C0EF53025DC91003E13F5 /* Project object */;
}
